
Microsoft Visual Studio Solution File, Format Version 12.00
# Visual Studio Version 17
VisualStudioVersion = 17.3.32922.545
MinimumVisualStudioVersion = 10.0.40219.1
Project("{FAE04EC0-301F-11D3-BF4B-00C04F79EFBC}") = "Colour Rain Effect Windows Form MOO ICT", "Colour Rain Effect Windows Form MOO ICT\Colour Rain Effect Windows Form MOO ICT.csproj", "{D361F0B5-1E74-46FE-B1FE-90069FBBDC42}"
EndProject
Global
	GlobalSection(SolutionConfigurationPlatforms) = preSolution
		Debug|Any CPU = Debug|Any CPU
		Release|Any CPU = Release|Any CPU
	EndGlobalSection
	GlobalSection(ProjectConfigurationPlatforms) = postSolution
		{D361F0B5-1E74-46FE-B1FE-90069FBBDC42}.Debug|Any CPU.ActiveCfg = Debug|Any CPU
		{D361F0B5-1E74-46FE-B1FE-90069FBBDC42}.Debug|Any CPU.Build.0 = Debug|Any CPU
		{D361F0B5-1E74-46FE-B1FE-90069FBBDC42}.Release|Any CPU.ActiveCfg = Release|Any CPU
		{D361F0B5-1E74-46FE-B1FE-90069FBBDC42}.Release|Any CPU.Build.0 = Release|Any CPU
	EndGlobalSection
	GlobalSection(SolutionProperties) = preSolution
		HideSolutionNode = FALSE
	EndGlobalSection
	GlobalSection(ExtensibilityGlobals) = postSolution
		SolutionGuid = {D10114F6-8EF9-45B1-9544-9091D7ECFE69}
	EndGlobalSection
EndGlobal
